
Microsoft Visual Studio Solution File, Format Version 12.00
# Visual Studio 14
VisualStudioVersion = 14.0.25420.1
MinimumVisualStudioVersion = 10.0.40219.1
Project("{FAE04EC0-301F-11D3-BF4B-00C04F79EFBC}") = "Csn.OrmEdd3b.Models", "Csn.OrmEdd.Models\Csn.OrmEdd3b.Models.csproj", "{A553C546-69D3-45B4-927B-14A0CB7D4FFA}"
EndProject
Project("{FAE04EC0-301F-11D3-BF4B-00C04F79EFBC}") = "Csn.OrmEdd3b.Console", "Csn.OrmEdd.Console\Csn.OrmEdd3b.Console.csproj", "{81561AEE-8879-463B-9D3C-50A859DD777F}"
EndProject
Project("{FAE04EC0-301F-11D3-BF4B-00C04F79EFBC}") = "Csn.OrmEdd3b.Dal", "Csn.OrmEdd.Dal\Csn.OrmEdd3b.Dal.csproj", "{4D9DB086-A706-4907-9A17-B970E27DF1EA}"
EndProject
Project("{FAE04EC0-301F-11D3-BF4B-00C04F79EFBC}") = "Csn.OrmEdd3b.Services", "Csn.OrmEdd.Services\Csn.OrmEdd3b.Services.csproj", "{6F5DFDA4-74A8-469F-A113-7C25D0C8B3AD}"
EndProject
Project("{FAE04EC0-301F-11D3-BF4B-00C04F79EFBC}") = "Csn.OrmEdd3b.App", "Csn.OrmEdd3b.App\Csn.OrmEdd3b.App.csproj", "{03852028-0E77-4728-A930-BB84E2EDF6ED}"
EndProject
Project("{FAE04EC0-301F-11D3-BF4B-00C04F79EFBC}") = "Csn.OrmEdd3b.WebApi", "Csn.OrmEdd3b.WebApi\Csn.OrmEdd3b.WebApi.csproj", "{9F213A3A-36D0-46B5-980D-7B0FF5751F81}"
EndProject
Global
	GlobalSection(SolutionConfigurationPlatforms) = preSolution
		Debug|Any CPU = Debug|Any CPU
		Release|Any CPU = Release|Any CPU
	EndGlobalSection
	GlobalSection(ProjectConfigurationPlatforms) = postSolution
		{A553C546-69D3-45B4-927B-14A0CB7D4FFA}.Debug|Any CPU.ActiveCfg = Debug|Any CPU
		{A553C546-69D3-45B4-927B-14A0CB7D4FFA}.Debug|Any CPU.Build.0 = Debug|Any CPU
		{A553C546-69D3-45B4-927B-14A0CB7D4FFA}.Release|Any CPU.ActiveCfg = Release|Any CPU
		{A553C546-69D3-45B4-927B-14A0CB7D4FFA}.Release|Any CPU.Build.0 = Release|Any CPU
		{81561AEE-8879-463B-9D3C-50A859DD777F}.Debug|Any CPU.ActiveCfg = Debug|Any CPU
		{81561AEE-8879-463B-9D3C-50A859DD777F}.Debug|Any CPU.Build.0 = Debug|Any CPU
		{81561AEE-8879-463B-9D3C-50A859DD777F}.Release|Any CPU.ActiveCfg = Release|Any CPU
		{81561AEE-8879-463B-9D3C-50A859DD777F}.Release|Any CPU.Build.0 = Release|Any CPU
		{4D9DB086-A706-4907-9A17-B970E27DF1EA}.Debug|Any CPU.ActiveCfg = Debug|Any CPU
		{4D9DB086-A706-4907-9A17-B970E27DF1EA}.Debug|Any CPU.Build.0 = Debug|Any CPU
		{4D9DB086-A706-4907-9A17-B970E27DF1EA}.Release|Any CPU.ActiveCfg = Release|Any CPU
		{4D9DB086-A706-4907-9A17-B970E27DF1EA}.Release|Any CPU.Build.0 = Release|Any CPU
		{6F5DFDA4-74A8-469F-A113-7C25D0C8B3AD}.Debug|Any CPU.ActiveCfg = Debug|Any CPU
		{6F5DFDA4-74A8-469F-A113-7C25D0C8B3AD}.Debug|Any CPU.Build.0 = Debug|Any CPU
		{6F5DFDA4-74A8-469F-A113-7C25D0C8B3AD}.Release|Any CPU.ActiveCfg = Release|Any CPU
		{6F5DFDA4-74A8-469F-A113-7C25D0C8B3AD}.Release|Any CPU.Build.0 = Release|Any CPU
		{03852028-0E77-4728-A930-BB84E2EDF6ED}.Debug|Any CPU.ActiveCfg = Debug|Any CPU
		{03852028-0E77-4728-A930-BB84E2EDF6ED}.Debug|Any CPU.Build.0 = Debug|Any CPU
		{03852028-0E77-4728-A930-BB84E2EDF6ED}.Release|Any CPU.ActiveCfg = Release|Any CPU
		{03852028-0E77-4728-A930-BB84E2EDF6ED}.Release|Any CPU.Build.0 = Release|Any CPU
		{9F213A3A-36D0-46B5-980D-7B0FF5751F81}.Debug|Any CPU.ActiveCfg = Debug|Any CPU
		{9F213A3A-36D0-46B5-980D-7B0FF5751F81}.Debug|Any CPU.Build.0 = Debug|Any CPU
		{9F213A3A-36D0-46B5-980D-7B0FF5751F81}.Release|Any CPU.ActiveCfg = Release|Any CPU
		{9F213A3A-36D0-46B5-980D-7B0FF5751F81}.Release|Any CPU.Build.0 = Release|Any CPU
	EndGlobalSection
	GlobalSection(SolutionProperties) = preSolution
		HideSolutionNode = FALSE
	EndGlobalSection
EndGlobal
